
Microsoft Visual Studio Solution File, Format Version 12.00
# Visual Studio Version 16
VisualStudioVersion = 16.0.29519.181
MinimumVisualStudioVersion = 10.0.40219.1
Project("{FAE04EC0-301F-11D3-BF4B-00C04F79EFBC}") = "简单记事本", "简单记事本.csproj", "{7D89CBCF-819B-4263-A555-A9116C6AA35B}"
EndProject
Project("{FAE04EC0-301F-11D3-BF4B-00C04F79EFBC}") = "Timer组件", "..\Timer组件\Timer组件.csproj", "{3CE3A6C0-2D98-4917-B65D-D29F0344A2C7}"
EndProject
Project("{FAE04EC0-301F-11D3-BF4B-00C04F79EFBC}") = "单选框", "..\单选框\单选框.csproj", "{B1B49A1E-7688-41DB-B9C1-BCBCDED82790}"
EndProject
Project("{FAE04EC0-301F-11D3-BF4B-00C04F79EFBC}") = "窗体抖动", "..\窗体抖动\窗体抖动.csproj", "{9C456309-037B-4DEA-B880-F65ED9E11291}"
EndProject
Project("{FAE04EC0-301F-11D3-BF4B-00C04F79EFBC}") = "窗体的问题", "..\窗体的问题\窗体的问题.csproj", "{620DF4AF-8A62-4F84-8CB8-6AE07886F2DF}"
EndProject
Project("{FAE04EC0-301F-11D3-BF4B-00C04F79EFBC}") = "PictureBox new", "..\PictureBox new\PictureBox new.csproj", "{7E6B39FC-8E6B-4981-8F65-6E0A5E0DB55D}"
EndProject
Project("{FAE04EC0-301F-11D3-BF4B-00C04F79EFBC}") = "点击更换图片", "..\点击更换图片\点击更换图片.csproj", "{FBFD04EA-FBD5-45F3-9110-4A5A590A4A49}"
EndProject
Project("{FAE04EC0-301F-11D3-BF4B-00C04F79EFBC}") = "音乐播放小练习", "..\小练习\音乐播放小练习.csproj", "{AD8E92AB-4434-4F93-9C8D-11737F26A81D}"
EndProject
Project("{FAE04EC0-301F-11D3-BF4B-00C04F79EFBC}") = "Do You Love Me", "..\Do You Love Me\Do You Love Me.csproj", "{7F1A6966-0566-4698-9B42-105257CF516F}"
EndProject
Project("{FAE04EC0-301F-11D3-BF4B-00C04F79EFBC}") = "PictureBox", "..\PictureBox\PictureBox.csproj", "{B4353170-28E5-498D-A9FF-5306CAD95A4C}"
EndProject
Project("{FAE04EC0-301F-11D3-BF4B-00C04F79EFBC}") = "输入身份证查看照片", "..\输入身份证查看照片\输入身份证查看照片.csproj", "{89A9C565-7F93-4B0F-8B04-1616639F934C}"
EndProject
Project("{FAE04EC0-301F-11D3-BF4B-00C04F79EFBC}") = "下拉框控件", "..\下拉框控件\下拉框控件.csproj", "{4EA7847D-6DF2-403C-9E62-8084DF4983F3}"
EndProject
Project("{FAE04EC0-301F-11D3-BF4B-00C04F79EFBC}") = "日期选择器", "..\日期选择器\日期选择器.csproj", "{01BD37FA-BD12-4F7B-9780-9E8F28369849}"
EndProject
Project("{FAE04EC0-301F-11D3-BF4B-00C04F79EFBC}") = "TreeView", "..\TreeView\TreeView.csproj", "{73C2471D-3DFB-4A5E-B261-2477C72DDC0A}"
EndProject
Project("{FAE04EC0-301F-11D3-BF4B-00C04F79EFBC}") = "TreeView控件", "..\TreeView控件\TreeView控件.csproj", "{43E2BA5A-4571-4616-BDAE-FE81442A5437}"
EndProject
Project("{FAE04EC0-301F-11D3-BF4B-00C04F79EFBC}") = "ListBox", "..\ListBox\ListBox.csproj", "{A5502C97-BFAE-4A4C-ACEB-456E2202E867}"
EndProject
Project("{FAE04EC0-301F-11D3-BF4B-00C04F79EFBC}") = "双击播放音乐", "..\双击播放音乐\双击播放音乐.csproj", "{1CE2C527-8B90-4BDD-9F4D-73D8452C00C4}"
EndProject
Project("{FAE04EC0-301F-11D3-BF4B-00C04F79EFBC}") = "打开对话框", "..\打开对话框\打开对话框.csproj", "{D89EA70F-AECE-4B3E-961D-A24B232E11DB}"
EndProject
Project("{FAE04EC0-301F-11D3-BF4B-00C04F79EFBC}") = "打开对话框练习", "..\打开对话框练习\打开对话框练习.csproj", "{8BDD848E-5026-4BEE-98E0-96517C1A663E}"
EndProject
Project("{FAE04EC0-301F-11D3-BF4B-00C04F79EFBC}") = "保存对话框", "..\保存对话框\保存对话框.csproj", "{E6B11BB5-5EE1-4517-85CE-242840C7436B}"
EndProject
Project("{FAE04EC0-301F-11D3-BF4B-00C04F79EFBC}") = "记事本程序", "..\记事本程序\记事本程序.csproj", "{50F5D0C8-AB38-422D-A887-67AA7F6C70F6}"
EndProject
Project("{FAE04EC0-301F-11D3-BF4B-00C04F79EFBC}") = "Panel容器", "..\Panel容器\Panel容器.csproj", "{B5A75D20-4BCE-4EF8-B8BA-95ECE5AFDC0D}"
EndProject
Project("{FAE04EC0-301F-11D3-BF4B-00C04F79EFBC}") = "播放器", "..\播放器\播放器.csproj", "{311F129F-D251-48BA-8AFA-CF76DAB311E2}"
EndProject
Project("{FAE04EC0-301F-11D3-BF4B-00C04F79EFBC}") = "快捷键", "..\快捷键\快捷键.csproj", "{86BA1907-E685-4447-8049-C92A8AEC59C7}"
EndProject
Project("{FAE04EC0-301F-11D3-BF4B-00C04F79EFBC}") = "WinForm计算器", "..\WinForm计算器\WinForm计算器.csproj", "{B8EF1A36-D421-46BA-BF45-1392F30C2307}"
EndProject
Project("{FAE04EC0-301F-11D3-BF4B-00C04F79EFBC}") = "猜拳游戏", "..\猜拳游戏\猜拳游戏.csproj", "{F4B4FD28-EEA7-42C5-9FBC-8D9759FE679C}"
EndProject
Project("{9A19103F-16F7-4668-BE54-9A1E7A4F7556}") = "超市收银系统", "..\超市收银系统\超市收银系统.csproj", "{92F4B76F-5099-45C4-B4A5-6AE811C72802}"
EndProject
Project("{FAE04EC0-301F-11D3-BF4B-00C04F79EFBC}") = "CheckBox和RadioButton", "..\作业点菜和同步输入\CheckBox和RadioButton.csproj", "{A25125C9-3304-4C5F-A918-42DA5162AC9E}"
EndProject
Project("{FAE04EC0-301F-11D3-BF4B-00C04F79EFBC}") = "按钮练习", "..\按钮练习\按钮练习.csproj", "{2CB3B9BB-E719-4545-8F8B-357A9FF08811}"
EndProject
Project("{FAE04EC0-301F-11D3-BF4B-00C04F79EFBC}") = "选课程序", "..\作业选课\选课程序.csproj", "{2DBB3474-0A38-4B20-93AF-BA24EB005829}"
EndProject
Project("{FAE04EC0-301F-11D3-BF4B-00C04F79EFBC}") = "评选最喜欢的球队", "..\作业评选最喜欢的球队\评选最喜欢的球队.csproj", "{80443A40-405A-45CB-BDF3-DC21E8992858}"
EndProject
Project("{FAE04EC0-301F-11D3-BF4B-00C04F79EFBC}") = "增删清除", "..\作业增加和删除\增删清除.csproj", "{43875332-024F-460D-8CD5-C9B9C0A3592F}"
EndProject
Project("{FAE04EC0-301F-11D3-BF4B-00C04F79EFBC}") = "作业Timer and pictureBox", "..\作业Timer案例\作业Timer and pictureBox.csproj", "{B6D27504-FCBF-4AEF-8523-7EC512B5F645}"
EndProject
Project("{FAE04EC0-301F-11D3-BF4B-00C04F79EFBC}") = "欢乐餐厅", "..\作业欢乐餐厅\欢乐餐厅.csproj", "{1B9D6895-DE17-45E0-976A-AFE0BEBA71A7}"
EndProject
Project("{FAE04EC0-301F-11D3-BF4B-00C04F79EFBC}") = "Mdi窗体设计", "..\Mdi窗体设计\Mdi窗体设计.csproj", "{7CD4ACBA-A98D-4861-B88B-E0865D26D112}"
EndProject
Project("{FAE04EC0-301F-11D3-BF4B-00C04F79EFBC}") = "控件的事件", "..\01控件的事件\控件的事件.csproj", "{9882175D-B4F9-4BD8-90AF-57E10D0EC9DD}"
EndProject
Project("{FAE04EC0-301F-11D3-BF4B-00C04F79EFBC}") = "c.net", "..\c.net\c.net.csproj", "{0B596795-C6B4-4514-A709-294792D012D7}"
EndProject
Global
	GlobalSection(SolutionConfigurationPlatforms) = preSolution
		Debug|Any CPU = Debug|Any CPU
		Debug|x86 = Debug|x86
		Release|Any CPU = Release|Any CPU
		Release|x86 = Release|x86
	EndGlobalSection
	GlobalSection(ProjectConfigurationPlatforms) = postSolution
		{7D89CBCF-819B-4263-A555-A9116C6AA35B}.Debug|Any CPU.ActiveCfg = Debug|Any CPU
		{7D89CBCF-819B-4263-A555-A9116C6AA35B}.Debug|Any CPU.Build.0 = Debug|Any CPU
		{7D89CBCF-819B-4263-A555-A9116C6AA35B}.Debug|x86.ActiveCfg = Debug|Any CPU
		{7D89CBCF-819B-4263-A555-A9116C6AA35B}.Debug|x86.Build.0 = Debug|Any CPU
		{7D89CBCF-819B-4263-A555-A9116C6AA35B}.Release|Any CPU.ActiveCfg = Release|Any CPU
		{7D89CBCF-819B-4263-A555-A9116C6AA35B}.Release|Any CPU.Build.0 = Release|Any CPU
		{7D89CBCF-819B-4263-A555-A9116C6AA35B}.Release|x86.ActiveCfg = Release|Any CPU
		{7D89CBCF-819B-4263-A555-A9116C6AA35B}.Release|x86.Build.0 = Release|Any CPU
		{3CE3A6C0-2D98-4917-B65D-D29F0344A2C7}.Debug|Any CPU.ActiveCfg = Debug|Any CPU
		{3CE3A6C0-2D98-4917-B65D-D29F0344A2C7}.Debug|Any CPU.Build.0 = Debug|Any CPU
		{3CE3A6C0-2D98-4917-B65D-D29F0344A2C7}.Debug|x86.ActiveCfg = Debug|Any CPU
		{3CE3A6C0-2D98-4917-B65D-D29F0344A2C7}.Debug|x86.Build.0 = Debug|Any CPU
		{3CE3A6C0-2D98-4917-B65D-D29F0344A2C7}.Release|Any CPU.ActiveCfg = Release|Any CPU
		{3CE3A6C0-2D98-4917-B65D-D29F0344A2C7}.Release|Any CPU.Build.0 = Release|Any CPU
		{3CE3A6C0-2D98-4917-B65D-D29F0344A2C7}.Release|x86.ActiveCfg = Release|Any CPU
		{3CE3A6C0-2D98-4917-B65D-D29F0344A2C7}.Release|x86.Build.0 = Release|Any CPU
		{B1B49A1E-7688-41DB-B9C1-BCBCDED82790}.Debug|Any CPU.ActiveCfg = Debug|Any CPU
		{B1B49A1E-7688-41DB-B9C1-BCBCDED82790}.Debug|Any CPU.Build.0 = Debug|Any CPU
		{B1B49A1E-7688-41DB-B9C1-BCBCDED82790}.Debug|x86.ActiveCfg = Debug|Any CPU
		{B1B49A1E-7688-41DB-B9C1-BCBCDED82790}.Debug|x86.Build.0 = Debug|Any CPU
		{B1B49A1E-7688-41DB-B9C1-BCBCDED82790}.Release|Any CPU.ActiveCfg = Release|Any CPU
		{B1B49A1E-7688-41DB-B9C1-BCBCDED82790}.Release|Any CPU.Build.0 = Release|Any CPU
		{B1B49A1E-7688-41DB-B9C1-BCBCDED82790}.Release|x86.ActiveCfg = Release|Any CPU
		{B1B49A1E-7688-41DB-B9C1-BCBCDED82790}.Release|x86.Build.0 = Release|Any CPU
		{9C456309-037B-4DEA-B880-F65ED9E11291}.Debug|Any CPU.ActiveCfg = Debug|Any CPU
		{9C456309-037B-4DEA-B880-F65ED9E11291}.Debug|Any CPU.Build.0 = Debug|Any CPU
		{9C456309-037B-4DEA-B880-F65ED9E11291}.Debug|x86.ActiveCfg = Debug|Any CPU
		{9C456309-037B-4DEA-B880-F65ED9E11291}.Debug|x86.Build.0 = Debug|Any CPU
		{9C456309-037B-4DEA-B880-F65ED9E11291}.Release|Any CPU.ActiveCfg = Release|Any CPU
		{9C456309-037B-4DEA-B880-F65ED9E11291}.Release|Any CPU.Build.0 = Release|Any CPU
		{9C456309-037B-4DEA-B880-F65ED9E11291}.Release|x86.ActiveCfg = Release|Any CPU
		{9C456309-037B-4DEA-B880-F65ED9E11291}.Release|x86.Build.0 = Release|Any CPU
		{620DF4AF-8A62-4F84-8CB8-6AE07886F2DF}.Debug|Any CPU.ActiveCfg = Debug|Any CPU
		{620DF4AF-8A62-4F84-8CB8-6AE07886F2DF}.Debug|Any CPU.Build.0 = Debug|Any CPU
		{620DF4AF-8A62-4F84-8CB8-6AE07886F2DF}.Debug|x86.ActiveCfg = Debug|Any CPU
		{620DF4AF-8A62-4F84-8CB8-6AE07886F2DF}.Debug|x86.Build.0 = Debug|Any CPU
		{620DF4AF-8A62-4F84-8CB8-6AE07886F2DF}.Release|Any CPU.ActiveCfg = Release|Any CPU
		{620DF4AF-8A62-4F84-8CB8-6AE07886F2DF}.Release|Any CPU.Build.0 = Release|Any CPU
		{620DF4AF-8A62-4F84-8CB8-6AE07886F2DF}.Release|x86.ActiveCfg = Release|Any CPU
		{620DF4AF-8A62-4F84-8CB8-6AE07886F2DF}.Release|x86.Build.0 = Release|Any CPU
		{7E6B39FC-8E6B-4981-8F65-6E0A5E0DB55D}.Debug|Any CPU.ActiveCfg = Debug|Any CPU
		{7E6B39FC-8E6B-4981-8F65-6E0A5E0DB55D}.Debug|Any CPU.Build.0 = Debug|Any CPU
		{7E6B39FC-8E6B-4981-8F65-6E0A5E0DB55D}.Debug|x86.ActiveCfg = Debug|Any CPU
		{7E6B39FC-8E6B-4981-8F65-6E0A5E0DB55D}.Debug|x86.Build.0 = Debug|Any CPU
		{7E6B39FC-8E6B-4981-8F65-6E0A5E0DB55D}.Release|Any CPU.ActiveCfg = Release|Any CPU
		{7E6B39FC-8E6B-4981-8F65-6E0A5E0DB55D}.Release|Any CPU.Build.0 = Release|Any CPU
		{7E6B39FC-8E6B-4981-8F65-6E0A5E0DB55D}.Release|x86.ActiveCfg = Release|Any CPU
		{7E6B39FC-8E6B-4981-8F65-6E0A5E0DB55D}.Release|x86.Build.0 = Release|Any CPU
		{FBFD04EA-FBD5-45F3-9110-4A5A590A4A49}.Debug|Any CPU.ActiveCfg = Debug|Any CPU
		{FBFD04EA-FBD5-45F3-9110-4A5A590A4A49}.Debug|Any CPU.Build.0 = Debug|Any CPU
		{FBFD04EA-FBD5-45F3-9110-4A5A590A4A49}.Debug|x86.ActiveCfg = Debug|Any CPU
		{FBFD04EA-FBD5-45F3-9110-4A5A590A4A49}.Debug|x86.Build.0 = Debug|Any CPU
		{FBFD04EA-FBD5-45F3-9110-4A5A590A4A49}.Release|Any CPU.ActiveCfg = Release|Any CPU
		{FBFD04EA-FBD5-45F3-9110-4A5A590A4A49}.Release|Any CPU.Build.0 = Release|Any CPU
		{FBFD04EA-FBD5-45F3-9110-4A5A590A4A49}.Release|x86.ActiveCfg = Release|Any CPU
		{FBFD04EA-FBD5-45F3-9110-4A5A590A4A49}.Release|x86.Build.0 = Release|Any CPU
		{AD8E92AB-4434-4F93-9C8D-11737F26A81D}.Debug|Any CPU.ActiveCfg = Debug|Any CPU
		{AD8E92AB-4434-4F93-9C8D-11737F26A81D}.Debug|Any CPU.Build.0 = Debug|Any CPU
		{AD8E92AB-4434-4F93-9C8D-11737F26A81D}.Debug|x86.ActiveCfg = Debug|Any CPU
		{AD8E92AB-4434-4F93-9C8D-11737F26A81D}.Debug|x86.Build.0 = Debug|Any CPU
		{AD8E92AB-4434-4F93-9C8D-11737F26A81D}.Release|Any CPU.ActiveCfg = Release|Any CPU
		{AD8E92AB-4434-4F93-9C8D-11737F26A81D}.Release|Any CPU.Build.0 = Release|Any CPU
		{AD8E92AB-4434-4F93-9C8D-11737F26A81D}.Release|x86.ActiveCfg = Release|Any CPU
		{AD8E92AB-4434-4F93-9C8D-11737F26A81D}.Release|x86.Build.0 = Release|Any CPU
		{7F1A6966-0566-4698-9B42-105257CF516F}.Debug|Any CPU.ActiveCfg = Debug|Any CPU
		{7F1A6966-0566-4698-9B42-105257CF516F}.Debug|Any CPU.Build.0 = Debug|Any CPU
		{7F1A6966-0566-4698-9B42-105257CF516F}.Debug|x86.ActiveCfg = Debug|Any CPU
		{7F1A6966-0566-4698-9B42-105257CF516F}.Debug|x86.Build.0 = Debug|Any CPU
		{7F1A6966-0566-4698-9B42-105257CF516F}.Release|Any CPU.ActiveCfg = Release|Any CPU
		{7F1A6966-0566-4698-9B42-105257CF516F}.Release|Any CPU.Build.0 = Release|Any CPU
		{7F1A6966-0566-4698-9B42-105257CF516F}.Release|x86.ActiveCfg = Release|Any CPU
		{7F1A6966-0566-4698-9B42-105257CF516F}.Release|x86.Build.0 = Release|Any CPU
		{B4353170-28E5-498D-A9FF-5306CAD95A4C}.Debug|Any CPU.ActiveCfg = Debug|Any CPU
		{B4353170-28E5-498D-A9FF-5306CAD95A4C}.Debug|Any CPU.Build.0 = Debug|Any CPU
		{B4353170-28E5-498D-A9FF-5306CAD95A4C}.Debug|x86.ActiveCfg = Debug|Any CPU
		{B4353170-28E5-498D-A9FF-5306CAD95A4C}.Debug|x86.Build.0 = Debug|Any CPU
		{B4353170-28E5-498D-A9FF-5306CAD95A4C}.Release|Any CPU.ActiveCfg = Release|Any CPU
		{B4353170-28E5-498D-A9FF-5306CAD95A4C}.Release|Any CPU.Build.0 = Release|Any CPU
		{B4353170-28E5-498D-A9FF-5306CAD95A4C}.Release|x86.ActiveCfg = Release|Any CPU
		{B4353170-28E5-498D-A9FF-5306CAD95A4C}.Release|x86.Build.0 = Release|Any CPU
		{89A9C565-7F93-4B0F-8B04-1616639F934C}.Debug|Any CPU.ActiveCfg = Debug|Any CPU
		{89A9C565-7F93-4B0F-8B04-1616639F934C}.Debug|Any CPU.Build.0 = Debug|Any CPU
		{89A9C565-7F93-4B0F-8B04-1616639F934C}.Debug|x86.ActiveCfg = Debug|Any CPU
		{89A9C565-7F93-4B0F-8B04-1616639F934C}.Debug|x86.Build.0 = Debug|Any CPU
		{89A9C565-7F93-4B0F-8B04-1616639F934C}.Release|Any CPU.ActiveCfg = Release|Any CPU
		{89A9C565-7F93-4B0F-8B04-1616639F934C}.Release|Any CPU.Build.0 = Release|Any CPU
		{89A9C565-7F93-4B0F-8B04-1616639F934C}.Release|x86.ActiveCfg = Release|Any CPU
		{89A9C565-7F93-4B0F-8B04-1616639F934C}.Release|x86.Build.0 = Release|Any CPU
		{4EA7847D-6DF2-403C-9E62-8084DF4983F3}.Debug|Any CPU.ActiveCfg = Debug|Any CPU
		{4EA7847D-6DF2-403C-9E62-8084DF4983F3}.Debug|Any CPU.Build.0 = Debug|Any CPU
		{4EA7847D-6DF2-403C-9E62-8084DF4983F3}.Debug|x86.ActiveCfg = Debug|Any CPU
		{4EA7847D-6DF2-403C-9E62-8084DF4983F3}.Debug|x86.Build.0 = Debug|Any CPU
		{4EA7847D-6DF2-403C-9E62-8084DF4983F3}.Release|Any CPU.ActiveCfg = Release|Any CPU
		{4EA7847D-6DF2-403C-9E62-8084DF4983F3}.Release|Any CPU.Build.0 = Release|Any CPU
		{4EA7847D-6DF2-403C-9E62-8084DF4983F3}.Release|x86.ActiveCfg = Release|Any CPU
		{4EA7847D-6DF2-403C-9E62-8084DF4983F3}.Release|x86.Build.0 = Release|Any CPU
		{01BD37FA-BD12-4F7B-9780-9E8F28369849}.Debug|Any CPU.ActiveCfg = Debug|Any CPU
		{01BD37FA-BD12-4F7B-9780-9E8F28369849}.Debug|Any CPU.Build.0 = Debug|Any CPU
		{01BD37FA-BD12-4F7B-9780-9E8F28369849}.Debug|x86.ActiveCfg = Debug|Any CPU
		{01BD37FA-BD12-4F7B-9780-9E8F28369849}.Debug|x86.Build.0 = Debug|Any CPU
		{01BD37FA-BD12-4F7B-9780-9E8F28369849}.Release|Any CPU.ActiveCfg = Release|Any CPU
		{01BD37FA-BD12-4F7B-9780-9E8F28369849}.Release|Any CPU.Build.0 = Release|Any CPU
		{01BD37FA-BD12-4F7B-9780-9E8F28369849}.Release|x86.ActiveCfg = Release|Any CPU
		{01BD37FA-BD12-4F7B-9780-9E8F28369849}.Release|x86.Build.0 = Release|Any CPU
		{73C2471D-3DFB-4A5E-B261-2477C72DDC0A}.Debug|Any CPU.ActiveCfg = Debug|Any CPU
		{73C2471D-3DFB-4A5E-B261-2477C72DDC0A}.Debug|Any CPU.Build.0 = Debug|Any CPU
		{73C2471D-3DFB-4A5E-B261-2477C72DDC0A}.Debug|x86.ActiveCfg = Debug|Any CPU
		{73C2471D-3DFB-4A5E-B261-2477C72DDC0A}.Debug|x86.Build.0 = Debug|Any CPU
		{73C2471D-3DFB-4A5E-B261-2477C72DDC0A}.Release|Any CPU.ActiveCfg = Release|Any CPU
		{73C2471D-3DFB-4A5E-B261-2477C72DDC0A}.Release|Any CPU.Build.0 = Release|Any CPU
		{73C2471D-3DFB-4A5E-B261-2477C72DDC0A}.Release|x86.ActiveCfg = Release|Any CPU
		{73C2471D-3DFB-4A5E-B261-2477C72DDC0A}.Release|x86.Build.0 = Release|Any CPU
		{43E2BA5A-4571-4616-BDAE-FE81442A5437}.Debug|Any CPU.ActiveCfg = Debug|Any CPU
		{43E2BA5A-4571-4616-BDAE-FE81442A5437}.Debug|Any CPU.Build.0 = Debug|Any CPU
		{43E2BA5A-4571-4616-BDAE-FE81442A5437}.Debug|x86.ActiveCfg = Debug|Any CPU
		{43E2BA5A-4571-4616-BDAE-FE81442A5437}.Debug|x86.Build.0 = Debug|Any CPU
		{43E2BA5A-4571-4616-BDAE-FE81442A5437}.Release|Any CPU.ActiveCfg = Release|Any CPU
		{43E2BA5A-4571-4616-BDAE-FE81442A5437}.Release|Any CPU.Build.0 = Release|Any CPU
		{43E2BA5A-4571-4616-BDAE-FE81442A5437}.Release|x86.ActiveCfg = Release|Any CPU
		{43E2BA5A-4571-4616-BDAE-FE81442A5437}.Release|x86.Build.0 = Release|Any CPU
		{A5502C97-BFAE-4A4C-ACEB-456E2202E867}.Debug|Any CPU.ActiveCfg = Debug|Any CPU
		{A5502C97-BFAE-4A4C-ACEB-456E2202E867}.Debug|Any CPU.Build.0 = Debug|Any CPU
		{A5502C97-BFAE-4A4C-ACEB-456E2202E867}.Debug|x86.ActiveCfg = Debug|Any CPU
		{A5502C97-BFAE-4A4C-ACEB-456E2202E867}.Debug|x86.Build.0 = Debug|Any CPU
		{A5502C97-BFAE-4A4C-ACEB-456E2202E867}.Release|Any CPU.ActiveCfg = Release|Any CPU
		{A5502C97-BFAE-4A4C-ACEB-456E2202E867}.Release|Any CPU.Build.0 = Release|Any CPU
		{A5502C97-BFAE-4A4C-ACEB-456E2202E867}.Release|x86.ActiveCfg = Release|Any CPU
		{A5502C97-BFAE-4A4C-ACEB-456E2202E867}.Release|x86.Build.0 = Release|Any CPU
		{1CE2C527-8B90-4BDD-9F4D-73D8452C00C4}.Debug|Any CPU.ActiveCfg = Debug|Any CPU
		{1CE2C527-8B90-4BDD-9F4D-73D8452C00C4}.Debug|Any CPU.Build.0 = Debug|Any CPU
		{1CE2C527-8B90-4BDD-9F4D-73D8452C00C4}.Debug|x86.ActiveCfg = Debug|Any CPU
		{1CE2C527-8B90-4BDD-9F4D-73D8452C00C4}.Debug|x86.Build.0 = Debug|Any CPU
		{1CE2C527-8B90-4BDD-9F4D-73D8452C00C4}.Release|Any CPU.ActiveCfg = Release|Any CPU
		{1CE2C527-8B90-4BDD-9F4D-73D8452C00C4}.Release|Any CPU.Build.0 = Release|Any CPU
		{1CE2C527-8B90-4BDD-9F4D-73D8452C00C4}.Release|x86.ActiveCfg = Release|Any CPU
		{1CE2C527-8B90-4BDD-9F4D-73D8452C00C4}.Release|x86.Build.0 = Release|Any CPU
		{D89EA70F-AECE-4B3E-961D-A24B232E11DB}.Debug|Any CPU.ActiveCfg = Debug|Any CPU
		{D89EA70F-AECE-4B3E-961D-A24B232E11DB}.Debug|Any CPU.Build.0 = Debug|Any CPU
		{D89EA70F-AECE-4B3E-961D-A24B232E11DB}.Debug|x86.ActiveCfg = Debug|Any CPU
		{D89EA70F-AECE-4B3E-961D-A24B232E11DB}.Debug|x86.Build.0 = Debug|Any CPU
		{D89EA70F-AECE-4B3E-961D-A24B232E11DB}.Release|Any CPU.ActiveCfg = Release|Any CPU
		{D89EA70F-AECE-4B3E-961D-A24B232E11DB}.Release|Any CPU.Build.0 = Release|Any CPU
		{D89EA70F-AECE-4B3E-961D-A24B232E11DB}.Release|x86.ActiveCfg = Release|Any CPU
		{D89EA70F-AECE-4B3E-961D-A24B232E11DB}.Release|x86.Build.0 = Release|Any CPU
		{8BDD848E-5026-4BEE-98E0-96517C1A663E}.Debug|Any CPU.ActiveCfg = Debug|Any CPU
		{8BDD848E-5026-4BEE-98E0-96517C1A663E}.Debug|Any CPU.Build.0 = Debug|Any CPU
		{8BDD848E-5026-4BEE-98E0-96517C1A663E}.Debug|x86.ActiveCfg = Debug|Any CPU
		{8BDD848E-5026-4BEE-98E0-96517C1A663E}.Debug|x86.Build.0 = Debug|Any CPU
		{8BDD848E-5026-4BEE-98E0-96517C1A663E}.Release|Any CPU.ActiveCfg = Release|Any CPU
		{8BDD848E-5026-4BEE-98E0-96517C1A663E}.Release|Any CPU.Build.0 = Release|Any CPU
		{8BDD848E-5026-4BEE-98E0-96517C1A663E}.Release|x86.ActiveCfg = Release|Any CPU
		{8BDD848E-5026-4BEE-98E0-96517C1A663E}.Release|x86.Build.0 = Release|Any CPU
		{E6B11BB5-5EE1-4517-85CE-242840C7436B}.Debug|Any CPU.ActiveCfg = Debug|Any CPU
		{E6B11BB5-5EE1-4517-85CE-242840C7436B}.Debug|Any CPU.Build.0 = Debug|Any CPU
		{E6B11BB5-5EE1-4517-85CE-242840C7436B}.Debug|x86.ActiveCfg = Debug|Any CPU
		{E6B11BB5-5EE1-4517-85CE-242840C7436B}.Debug|x86.Build.0 = Debug|Any CPU
		{E6B11BB5-5EE1-4517-85CE-242840C7436B}.Release|Any CPU.ActiveCfg = Release|Any CPU
		{E6B11BB5-5EE1-4517-85CE-242840C7436B}.Release|Any CPU.Build.0 = Release|Any CPU
		{E6B11BB5-5EE1-4517-85CE-242840C7436B}.Release|x86.ActiveCfg = Release|Any CPU
		{E6B11BB5-5EE1-4517-85CE-242840C7436B}.Release|x86.Build.0 = Release|Any CPU
		{50F5D0C8-AB38-422D-A887-67AA7F6C70F6}.Debug|Any CPU.ActiveCfg = Debug|Any CPU
		{50F5D0C8-AB38-422D-A887-67AA7F6C70F6}.Debug|Any CPU.Build.0 = Debug|Any CPU
		{50F5D0C8-AB38-422D-A887-67AA7F6C70F6}.Debug|x86.ActiveCfg = Debug|Any CPU
		{50F5D0C8-AB38-422D-A887-67AA7F6C70F6}.Debug|x86.Build.0 = Debug|Any CPU
		{50F5D0C8-AB38-422D-A887-67AA7F6C70F6}.Release|Any CPU.ActiveCfg = Release|Any CPU
		{50F5D0C8-AB38-422D-A887-67AA7F6C70F6}.Release|Any CPU.Build.0 = Release|Any CPU
		{50F5D0C8-AB38-422D-A887-67AA7F6C70F6}.Release|x86.ActiveCfg = Release|Any CPU
		{50F5D0C8-AB38-422D-A887-67AA7F6C70F6}.Release|x86.Build.0 = Release|Any CPU
		{B5A75D20-4BCE-4EF8-B8BA-95ECE5AFDC0D}.Debug|Any CPU.ActiveCfg = Debug|Any CPU
		{B5A75D20-4BCE-4EF8-B8BA-95ECE5AFDC0D}.Debug|Any CPU.Build.0 = Debug|Any CPU
		{B5A75D20-4BCE-4EF8-B8BA-95ECE5AFDC0D}.Debug|x86.ActiveCfg = Debug|Any CPU
		{B5A75D20-4BCE-4EF8-B8BA-95ECE5AFDC0D}.Debug|x86.Build.0 = Debug|Any CPU
		{B5A75D20-4BCE-4EF8-B8BA-95ECE5AFDC0D}.Release|Any CPU.ActiveCfg = Release|Any CPU
		{B5A75D20-4BCE-4EF8-B8BA-95ECE5AFDC0D}.Release|Any CPU.Build.0 = Release|Any CPU
		{B5A75D20-4BCE-4EF8-B8BA-95ECE5AFDC0D}.Release|x86.ActiveCfg = Release|Any CPU
		{B5A75D20-4BCE-4EF8-B8BA-95ECE5AFDC0D}.Release|x86.Build.0 = Release|Any CPU
		{311F129F-D251-48BA-8AFA-CF76DAB311E2}.Debug|Any CPU.ActiveCfg = Debug|Any CPU
		{311F129F-D251-48BA-8AFA-CF76DAB311E2}.Debug|Any CPU.Build.0 = Debug|Any CPU
		{311F129F-D251-48BA-8AFA-CF76DAB311E2}.Debug|x86.ActiveCfg = Debug|Any CPU
		{311F129F-D251-48BA-8AFA-CF76DAB311E2}.Debug|x86.Build.0 = Debug|Any CPU
		{311F129F-D251-48BA-8AFA-CF76DAB311E2}.Release|Any CPU.ActiveCfg = Release|Any CPU
		{311F129F-D251-48BA-8AFA-CF76DAB311E2}.Release|Any CPU.Build.0 = Release|Any CPU
		{311F129F-D251-48BA-8AFA-CF76DAB311E2}.Release|x86.ActiveCfg = Release|Any CPU
		{311F129F-D251-48BA-8AFA-CF76DAB311E2}.Release|x86.Build.0 = Release|Any CPU
		{86BA1907-E685-4447-8049-C92A8AEC59C7}.Debug|Any CPU.ActiveCfg = Debug|Any CPU
		{86BA1907-E685-4447-8049-C92A8AEC59C7}.Debug|Any CPU.Build.0 = Debug|Any CPU
		{86BA1907-E685-4447-8049-C92A8AEC59C7}.Debug|x86.ActiveCfg = Debug|Any CPU
		{86BA1907-E685-4447-8049-C92A8AEC59C7}.Debug|x86.Build.0 = Debug|Any CPU
		{86BA1907-E685-4447-8049-C92A8AEC59C7}.Release|Any CPU.ActiveCfg = Release|Any CPU
		{86BA1907-E685-4447-8049-C92A8AEC59C7}.Release|Any CPU.Build.0 = Release|Any CPU
		{86BA1907-E685-4447-8049-C92A8AEC59C7}.Release|x86.ActiveCfg = Release|Any CPU
		{86BA1907-E685-4447-8049-C92A8AEC59C7}.Release|x86.Build.0 = Release|Any CPU
		{B8EF1A36-D421-46BA-BF45-1392F30C2307}.Debug|Any CPU.ActiveCfg = Debug|Any CPU
		{B8EF1A36-D421-46BA-BF45-1392F30C2307}.Debug|Any CPU.Build.0 = Debug|Any CPU
		{B8EF1A36-D421-46BA-BF45-1392F30C2307}.Debug|x86.ActiveCfg = Debug|Any CPU
		{B8EF1A36-D421-46BA-BF45-1392F30C2307}.Debug|x86.Build.0 = Debug|Any CPU
		{B8EF1A36-D421-46BA-BF45-1392F30C2307}.Release|Any CPU.ActiveCfg = Release|Any CPU
		{B8EF1A36-D421-46BA-BF45-1392F30C2307}.Release|Any CPU.Build.0 = Release|Any CPU
		{B8EF1A36-D421-46BA-BF45-1392F30C2307}.Release|x86.ActiveCfg = Release|Any CPU
		{B8EF1A36-D421-46BA-BF45-1392F30C2307}.Release|x86.Build.0 = Release|Any CPU
		{F4B4FD28-EEA7-42C5-9FBC-8D9759FE679C}.Debug|Any CPU.ActiveCfg = Debug|Any CPU
		{F4B4FD28-EEA7-42C5-9FBC-8D9759FE679C}.Debug|Any CPU.Build.0 = Debug|Any CPU
		{F4B4FD28-EEA7-42C5-9FBC-8D9759FE679C}.Debug|x86.ActiveCfg = Debug|Any CPU
		{F4B4FD28-EEA7-42C5-9FBC-8D9759FE679C}.Debug|x86.Build.0 = Debug|Any CPU
		{F4B4FD28-EEA7-42C5-9FBC-8D9759FE679C}.Release|Any CPU.ActiveCfg = Release|Any CPU
		{F4B4FD28-EEA7-42C5-9FBC-8D9759FE679C}.Release|Any CPU.Build.0 = Release|Any CPU
		{F4B4FD28-EEA7-42C5-9FBC-8D9759FE679C}.Release|x86.ActiveCfg = Release|Any CPU
		{F4B4FD28-EEA7-42C5-9FBC-8D9759FE679C}.Release|x86.Build.0 = Release|Any CPU
		{92F4B76F-5099-45C4-B4A5-6AE811C72802}.Debug|Any CPU.ActiveCfg = Debug|Any CPU
		{92F4B76F-5099-45C4-B4A5-6AE811C72802}.Debug|Any CPU.Build.0 = Debug|Any CPU
		{92F4B76F-5099-45C4-B4A5-6AE811C72802}.Debug|x86.ActiveCfg = Debug|Any CPU
		{92F4B76F-5099-45C4-B4A5-6AE811C72802}.Debug|x86.Build.0 = Debug|Any CPU
		{92F4B76F-5099-45C4-B4A5-6AE811C72802}.Release|Any CPU.ActiveCfg = Release|Any CPU
		{92F4B76F-5099-45C4-B4A5-6AE811C72802}.Release|Any CPU.Build.0 = Release|Any CPU
		{92F4B76F-5099-45C4-B4A5-6AE811C72802}.Release|x86.ActiveCfg = Release|Any CPU
		{92F4B76F-5099-45C4-B4A5-6AE811C72802}.Release|x86.Build.0 = Release|Any CPU
		{A25125C9-3304-4C5F-A918-42DA5162AC9E}.Debug|Any CPU.ActiveCfg = Debug|x86
		{A25125C9-3304-4C5F-A918-42DA5162AC9E}.Debug|x86.ActiveCfg = Debug|x86
		{A25125C9-3304-4C5F-A918-42DA5162AC9E}.Debug|x86.Build.0 = Debug|x86
		{A25125C9-3304-4C5F-A918-42DA5162AC9E}.Release|Any CPU.ActiveCfg = Release|x86
		{A25125C9-3304-4C5F-A918-42DA5162AC9E}.Release|x86.ActiveCfg = Release|x86
		{A25125C9-3304-4C5F-A918-42DA5162AC9E}.Release|x86.Build.0 = Release|x86
		{2CB3B9BB-E719-4545-8F8B-357A9FF08811}.Debug|Any CPU.ActiveCfg = Debug|Any CPU
		{2CB3B9BB-E719-4545-8F8B-357A9FF08811}.Debug|Any CPU.Build.0 = Debug|Any CPU
		{2CB3B9BB-E719-4545-8F8B-357A9FF08811}.Debug|x86.ActiveCfg = Debug|Any CPU
		{2CB3B9BB-E719-4545-8F8B-357A9FF08811}.Debug|x86.Build.0 = Debug|Any CPU
		{2CB3B9BB-E719-4545-8F8B-357A9FF08811}.Release|Any CPU.ActiveCfg = Release|Any CPU
		{2CB3B9BB-E719-4545-8F8B-357A9FF08811}.Release|Any CPU.Build.0 = Release|Any CPU
		{2CB3B9BB-E719-4545-8F8B-357A9FF08811}.Release|x86.ActiveCfg = Release|Any CPU
		{2CB3B9BB-E719-4545-8F8B-357A9FF08811}.Release|x86.Build.0 = Release|Any CPU
		{2DBB3474-0A38-4B20-93AF-BA24EB005829}.Debug|Any CPU.ActiveCfg = Debug|x86
		{2DBB3474-0A38-4B20-93AF-BA24EB005829}.Debug|x86.ActiveCfg = Debug|x86
		{2DBB3474-0A38-4B20-93AF-BA24EB005829}.Debug|x86.Build.0 = Debug|x86
		{2DBB3474-0A38-4B20-93AF-BA24EB005829}.Release|Any CPU.ActiveCfg = Release|x86
		{2DBB3474-0A38-4B20-93AF-BA24EB005829}.Release|x86.ActiveCfg = Release|x86
		{2DBB3474-0A38-4B20-93AF-BA24EB005829}.Release|x86.Build.0 = Release|x86
		{80443A40-405A-45CB-BDF3-DC21E8992858}.Debug|Any CPU.ActiveCfg = Debug|Any CPU
		{80443A40-405A-45CB-BDF3-DC21E8992858}.Debug|Any CPU.Build.0 = Debug|Any CPU
		{80443A40-405A-45CB-BDF3-DC21E8992858}.Debug|x86.ActiveCfg = Debug|Any CPU
		{80443A40-405A-45CB-BDF3-DC21E8992858}.Debug|x86.Build.0 = Debug|Any CPU
		{80443A40-405A-45CB-BDF3-DC21E8992858}.Release|Any CPU.ActiveCfg = Release|Any CPU
		{80443A40-405A-45CB-BDF3-DC21E8992858}.Release|Any CPU.Build.0 = Release|Any CPU
		{80443A40-405A-45CB-BDF3-DC21E8992858}.Release|x86.ActiveCfg = Release|Any CPU
		{80443A40-405A-45CB-BDF3-DC21E8992858}.Release|x86.Build.0 = Release|Any CPU
		{43875332-024F-460D-8CD5-C9B9C0A3592F}.Debug|Any CPU.ActiveCfg = Debug|x86
		{43875332-024F-460D-8CD5-C9B9C0A3592F}.Debug|x86.ActiveCfg = Debug|x86
		{43875332-024F-460D-8CD5-C9B9C0A3592F}.Debug|x86.Build.0 = Debug|x86
		{43875332-024F-460D-8CD5-C9B9C0A3592F}.Release|Any CPU.ActiveCfg = Release|x86
		{43875332-024F-460D-8CD5-C9B9C0A3592F}.Release|x86.ActiveCfg = Release|x86
		{43875332-024F-460D-8CD5-C9B9C0A3592F}.Release|x86.Build.0 = Release|x86
		{B6D27504-FCBF-4AEF-8523-7EC512B5F645}.Debug|Any CPU.ActiveCfg = Debug|x86
		{B6D27504-FCBF-4AEF-8523-7EC512B5F645}.Debug|x86.ActiveCfg = Debug|x86
		{B6D27504-FCBF-4AEF-8523-7EC512B5F645}.Debug|x86.Build.0 = Debug|x86
		{B6D27504-FCBF-4AEF-8523-7EC512B5F645}.Release|Any CPU.ActiveCfg = Release|x86
		{B6D27504-FCBF-4AEF-8523-7EC512B5F645}.Release|x86.ActiveCfg = Release|x86
		{B6D27504-FCBF-4AEF-8523-7EC512B5F645}.Release|x86.Build.0 = Release|x86
		{1B9D6895-DE17-45E0-976A-AFE0BEBA71A7}.Debug|Any CPU.ActiveCfg = Debug|x86
		{1B9D6895-DE17-45E0-976A-AFE0BEBA71A7}.Debug|x86.ActiveCfg = Debug|x86
		{1B9D6895-DE17-45E0-976A-AFE0BEBA71A7}.Debug|x86.Build.0 = Debug|x86
		{1B9D6895-DE17-45E0-976A-AFE0BEBA71A7}.Release|Any CPU.ActiveCfg = Release|x86
		{1B9D6895-DE17-45E0-976A-AFE0BEBA71A7}.Release|x86.ActiveCfg = Release|x86
		{1B9D6895-DE17-45E0-976A-AFE0BEBA71A7}.Release|x86.Build.0 = Release|x86
		{7CD4ACBA-A98D-4861-B88B-E0865D26D112}.Debug|Any CPU.ActiveCfg = Debug|Any CPU
		{7CD4ACBA-A98D-4861-B88B-E0865D26D112}.Debug|Any CPU.Build.0 = Debug|Any CPU
		{7CD4ACBA-A98D-4861-B88B-E0865D26D112}.Debug|x86.ActiveCfg = Debug|Any CPU
		{7CD4ACBA-A98D-4861-B88B-E0865D26D112}.Debug|x86.Build.0 = Debug|Any CPU
		{7CD4ACBA-A98D-4861-B88B-E0865D26D112}.Release|Any CPU.ActiveCfg = Release|Any CPU
		{7CD4ACBA-A98D-4861-B88B-E0865D26D112}.Release|Any CPU.Build.0 = Release|Any CPU
		{7CD4ACBA-A98D-4861-B88B-E0865D26D112}.Release|x86.ActiveCfg = Release|Any CPU
		{7CD4ACBA-A98D-4861-B88B-E0865D26D112}.Release|x86.Build.0 = Release|Any CPU
		{9882175D-B4F9-4BD8-90AF-57E10D0EC9DD}.Debug|Any CPU.ActiveCfg = Debug|Any CPU
		{9882175D-B4F9-4BD8-90AF-57E10D0EC9DD}.Debug|Any CPU.Build.0 = Debug|Any CPU
		{9882175D-B4F9-4BD8-90AF-57E10D0EC9DD}.Debug|x86.ActiveCfg = Debug|Any CPU
		{9882175D-B4F9-4BD8-90AF-57E10D0EC9DD}.Debug|x86.Build.0 = Debug|Any CPU
		{9882175D-B4F9-4BD8-90AF-57E10D0EC9DD}.Release|Any CPU.ActiveCfg = Release|Any CPU
		{9882175D-B4F9-4BD8-90AF-57E10D0EC9DD}.Release|Any CPU.Build.0 = Release|Any CPU
		{9882175D-B4F9-4BD8-90AF-57E10D0EC9DD}.Release|x86.ActiveCfg = Release|Any CPU
		{9882175D-B4F9-4BD8-90AF-57E10D0EC9DD}.Release|x86.Build.0 = Release|Any CPU
		{0B596795-C6B4-4514-A709-294792D012D7}.Debug|Any CPU.ActiveCfg = Debug|Any CPU
		{0B596795-C6B4-4514-A709-294792D012D7}.Debug|Any CPU.Build.0 = Debug|Any CPU
		{0B596795-C6B4-4514-A709-294792D012D7}.Debug|x86.ActiveCfg = Debug|Any CPU
		{0B596795-C6B4-4514-A709-294792D012D7}.Debug|x86.Build.0 = Debug|Any CPU
		{0B596795-C6B4-4514-A709-294792D012D7}.Release|Any CPU.ActiveCfg = Release|Any CPU
		{0B596795-C6B4-4514-A709-294792D012D7}.Release|Any CPU.Build.0 = Release|Any CPU
		{0B596795-C6B4-4514-A709-294792D012D7}.Release|x86.ActiveCfg = Release|Any CPU
		{0B596795-C6B4-4514-A709-294792D012D7}.Release|x86.Build.0 = Release|Any CPU
	EndGlobalSection
	GlobalSection(SolutionProperties) = preSolution
		HideSolutionNode = FALSE
	EndGlobalSection
	GlobalSection(ExtensibilityGlobals) = postSolution
		SolutionGuid = {9A4EBF78-D9DF-4BA3-A77F-D9F603105E98}
	EndGlobalSection
EndGlobal
