
Microsoft Visual Studio Solution File, Format Version 12.00
# Visual Studio Version 16
VisualStudioVersion = 16.0.29519.181
MinimumVisualStudioVersion = 10.0.40219.1
Project("{FAE04EC0-301F-11D3-BF4B-00C04F79EFBC}") = "WindowsFormsApp1", "WindowsFormsApp1.csproj", "{AF66E203-65AD-4DC3-8688-ACF8F056E203}"
EndProject
Global
	GlobalSection(SolutionConfigurationPlatforms) = preSolution
		Debug|Any CPU = Debug|Any CPU
		Release|Any CPU = Release|Any CPU
	EndGlobalSection
	GlobalSection(ProjectConfigurationPlatforms) = postSolution
		{AF66E203-65AD-4DC3-8688-ACF8F056E203}.Debug|Any CPU.ActiveCfg = Debug|Any CPU
		{AF66E203-65AD-4DC3-8688-ACF8F056E203}.Debug|Any CPU.Build.0 = Debug|Any CPU
		{AF66E203-65AD-4DC3-8688-ACF8F056E203}.Release|Any CPU.ActiveCfg = Release|Any CPU
		{AF66E203-65AD-4DC3-8688-ACF8F056E203}.Release|Any CPU.Build.0 = Release|Any CPU
	EndGlobalSection
	GlobalSection(SolutionProperties) = preSolution
		HideSolutionNode = FALSE
	EndGlobalSection
	GlobalSection(ExtensibilityGlobals) = postSolution
		SolutionGuid = {D46E6CF0-8486-4D20-B111-CF9AC4D3DEAA}
	EndGlobalSection
EndGlobal
